
Microsoft Visual Studio Solution File, Format Version 12.00
# Visual Studio Version 16
VisualStudioVersion = 16.0.29201.188
MinimumVisualStudioVersion = 10.0.40219.1
Project("{888888A0-9F3D-457C-B088-3A5042F75D52}") = "NeuralNetwork", "NeuralNetwork.pyproj", "{3EE5D1B9-39ED-49BA-8FF8-9958DF6B078F}"
EndProject
Global
	GlobalSection(SolutionConfigurationPlatforms) = preSolution
		Debug|Any CPU = Debug|Any CPU
		Release|Any CPU = Release|Any CPU
	EndGlobalSection
	GlobalSection(ProjectConfigurationPlatforms) = postSolution
		{3EE5D1B9-39ED-49BA-8FF8-9958DF6B078F}.Debug|Any CPU.ActiveCfg = Debug|Any CPU
		{3EE5D1B9-39ED-49BA-8FF8-9958DF6B078F}.Release|Any CPU.ActiveCfg = Release|Any CPU
	EndGlobalSection
	GlobalSection(SolutionProperties) = preSolution
		HideSolutionNode = FALSE
	EndGlobalSection
	GlobalSection(ExtensibilityGlobals) = postSolution
		SolutionGuid = {DFB7DC75-4899-44C4-9BAB-202C69D4FA00}
	EndGlobalSection
EndGlobal
